
Microsoft Visual Studio Solution File, Format Version 12.00
# Visual Studio Version 16
VisualStudioVersion = 16.0.29920.165
MinimumVisualStudioVersion = 10.0.40219.1
Project("{888888A0-9F3D-457C-B088-3A5042F75D52}") = "Nitrx", "Nitrx.pyproj", "{9C2B7411-018F-474D-BCFE-851B6352A42B}"
EndProject
Global
	GlobalSection(SolutionConfigurationPlatforms) = preSolution
		Debug|Any CPU = Debug|Any CPU
		Release|Any CPU = Release|Any CPU
	EndGlobalSection
	GlobalSection(ProjectConfigurationPlatforms) = postSolution
		{9C2B7411-018F-474D-BCFE-851B6352A42B}.Debug|Any CPU.ActiveCfg = Debug|Any CPU
		{9C2B7411-018F-474D-BCFE-851B6352A42B}.Release|Any CPU.ActiveCfg = Release|Any CPU
	EndGlobalSection
	GlobalSection(SolutionProperties) = preSolution
		HideSolutionNode = FALSE
	EndGlobalSection
	GlobalSection(ExtensibilityGlobals) = postSolution
		SolutionGuid = {98F973B3-2945-4C20-B15C-4966DEA1B125}
	EndGlobalSection
EndGlobal
